// !$*UTF8*$!
{
	archiveVersion = 1;
	classes = {
	};
	objectVersion = 48;
	objects = {

/* Begin PBXBuildFile section */
		5F4F6AC22022AFB40030491E /* AppDelegate.swift in Sources */ = {isa = PBXBuildFile; fileRef = 5F4F6AC12022AFB40030491E /* AppDelegate.swift */; };
		5F4F6AC42022AFB40030491E /* ViewController.swift in Sources */ = {isa = PBXBuildFile; fileRef = 5F4F6AC32022AFB40030491E /* ViewController.swift */; };
		5F4F6AC72022AFB40030491E /* Main.storyboard in Resources */ = {isa = PBXBuildFile; fileRef = 5F4F6AC52022AFB40030491E /* Main.storyboard */; };
		5F4F6ACA2022AFB40030491E /* Maulife_Accounts.xcdatamodeld in Sources */ = {isa = PBXBuildFile; fileRef = 5F4F6AC82022AFB40030491E /* Maulife_Accounts.xcdatamodeld */; };
		5F4F6ACC2022AFB40030491E /* Assets.xcassets in Resources */ = {isa = PBXBuildFile; fileRef = 5F4F6ACB2022AFB40030491E /* Assets.xcassets */; };
		5F4F6ACF2022AFB40030491E /* LaunchScreen.storyboard in Resources */ = {isa = PBXBuildFile; fileRef = 5F4F6ACD2022AFB40030491E /* LaunchScreen.storyboard */; };
/* End PBXBuildFile section */

/* Begin PBXFileReference section */
		5F4F6ABE2022AFB40030491E /* Maulife Accounts.app */ = {isa = PBXFileReference; explicitFileType = wrapper.application; includeInIndex = 0; path = "Maulife Accounts.app"; sourceTree = BUILT_PRODUCTS_DIR; };
		5F4F6AC12022AFB40030491E /* AppDelegate.swift */ = {isa = PBXFileReference; lastKnownFileType = sourcecode.swift; path = AppDelegate.swift; sourceTree = "<group>"; };
		5F4F6AC32022AFB40030491E /* ViewController.swift */ = {isa = PBXFileReference; lastKnownFileType = sourcecode.swift; path = ViewController.swift; sourceTree = "<group>"; };
		5F4F6AC62022AFB40030491E /* Base */ = {isa = PBXFileReference; lastKnownFileType = file.storyboard; name = Base; path = Base.lproj/Main.storyboard; sourceTree = "<group>"; };
		5F4F6AC92022AFB40030491E /* Maulife_Accounts.xcdatamodel */ = {isa = PBXFileReference; lastKnownFileType = wrapper.xcdatamodel; path = Maulife_Accounts.xcdatamodel; sourceTree = "<group>"; };
		5F4F6ACB2022AFB40030491E /* Assets.xcassets */ = {isa = PBXFileReference; lastKnownFileType = folder.assetcatalog; path = Assets.xcassets; sourceTree = "<group>"; };
		5F4F6ACE2022AFB40030491E /* Base */ = {isa = PBXFileReference; lastKnownFileType = file.storyboard; name = Base; path = Base.lproj/LaunchScreen.storyboard; sourceTree = "<group>"; };
		5F4F6AD02022AFB40030491E /* Info.plist */ = {isa = PBXFileReference; lastKnownFileType = text.plist.xml; path = Info.plist; sourceTree = "<group>"; };
/* End PBXFileReference section */

/* Begin PBXFrameworksBuildPhase section */
		5F4F6ABB2022AFB40030491E /* Frameworks */ = {
			isa = PBXFrameworksBuildPhase;
			buildActionMask = 2147483647;
			files = (
			);
			runOnlyForDeploymentPostprocessing = 0;
		};
/* End PBXFrameworksBuildPhase section */

/* Begin PBXGroup section */
		5F4F6AB52022AFB30030491E = {
			isa = PBXGroup;
			children = (
				5F4F6AC02022AFB40030491E /* Maulife Accounts */,
				5F4F6ABF2022AFB40030491E /* Products */,
			);
			sourceTree = "<group>";
		};
		5F4F6ABF2022AFB40030491E /* Products */ = {
			isa = PBXGroup;
			children = (
				5F4F6ABE2022AFB40030491E /* Maulife Accounts.app */,
			);
			name = Products;
			sourceTree = "<group>";
		};
		5F4F6AC02022AFB40030491E /* Maulife Accounts */ = {
			isa = PBXGroup;
			children = (
				5F4F6AC12022AFB40030491E /* AppDelegate.swift */,
				5F4F6AC32022AFB40030491E /* ViewController.swift */,
				5F4F6AC52022AFB40030491E /* Main.storyboard */,
				5F4F6ACB2022AFB40030491E /* Assets.xcassets */,
				5F4F6ACD2022AFB40030491E /* LaunchScreen.storyboard */,
				5F4F6AD02022AFB40030491E /* Info.plist */,
				5F4F6AC82022AFB40030491E /* Maulife_Accounts.xcdatamodeld */,
			);
			path = "Maulife Accounts";
			sourceTree = "<group>";
		};
/* End PBXGroup section */

/* Begin PBXNativeTarget section */
		5F4F6ABD2022AFB40030491E /* Maulife Accounts */ = {
			isa = PBXNativeTarget;
			buildConfigurationList = 5F4F6AD32022AFB40030491E /* Build configuration list for PBXNativeTarget "Maulife Accounts" */;
			buildPhases = (
				5F4F6ABA2022AFB40030491E /* Sources */,
				5F4F6ABB2022AFB40030491E /* Frameworks */,
				5F4F6ABC2022AFB40030491E /* Resources */,
			);
			buildRules = (
			);
			dependencies = (
			);
			name = "Maulife Accounts";
			productName = "Maulife Accounts";
			productReference = 5F4F6ABE2022AFB40030491E /* Maulife Accounts.app */;
			productType = "com.apple.product-type.application";
		};
/* End PBXNativeTarget section */

/* Begin PBXProject section */
		5F4F6AB62022AFB30030491E /* Project object */ = {
			isa = PBXProject;
			attributes = {
				LastSwiftUpdateCheck = 0920;
				LastUpgradeCheck = 0920;
				ORGANIZATIONNAME = jeff;
				TargetAttributes = {
					5F4F6ABD2022AFB40030491E = {
						CreatedOnToolsVersion = 9.2;
						ProvisioningStyle = Automatic;
					};
				};
			};
			buildConfigurationList = 5F4F6AB92022AFB30030491E /* Build configuration list for PBXProject "Maulife Accounts" */;
			compatibilityVersion = "Xcode 8.0";
			developmentRegion = en;
			hasScannedForEncodings = 0;
			knownRegions = (
				en,
				Base,
			);
			mainGroup = 5F4F6AB52022AFB30030491E;
			productRefGroup = 5F4F6ABF2022AFB40030491E /* Products */;
			projectDirPath = "";
			projectRoot = "";
			targets = (
				5F4F6ABD2022AFB40030491E /* Maulife Accounts */,
			);
		};
/* End PBXProject section */

/* Begin PBXResourcesBuildPhase section */
		5F4F6ABC2022AFB40030491E /* Resources */ = {
			isa = PBXResourcesBuildPhase;
			buildActionMask = 2147483647;
			files = (
				5F4F6ACF2022AFB40030491E /* LaunchScreen.storyboard in Resources */,
				5F4F6ACC2022AFB40030491E /* Assets.xcassets in Resources */,
				5F4F6AC72022AFB40030491E /* Main.storyboard in Resources */,
			);
			runOnlyForDeploymentPostprocessing = 0;
		};
/* End PBXResourcesBuildPhase section */

/* Begin PBXSourcesBuildPhase section */
		5F4F6ABA2022AFB40030491E /* Sources */ = {
			isa = PBXSourcesBuildPhase;
			buildActionMask = 2147483647;
			files = (
				5F4F6ACA2022AFB40030491E /* Maulife_Accounts.xcdatamodeld in Sources */,
				5F4F6AC42022AFB40030491E /* ViewController.swift in Sources */,
				5F4F6AC22022AFB40030491E /* AppDelegate.swift in Sources */,
			);
			runOnlyForDeploymentPostprocessing = 0;
		};
/* End PBXSourcesBuildPhase section */

/* Begin PBXVariantGroup section */
		5F4F6AC52022AFB40030491E /* Main.storyboard */ = {
			isa = PBXVariantGroup;
			children = (
				5F4F6AC62022AFB40030491E /* Base */,
			);
			name = Main.storyboard;
			sourceTree = "<group>";
		};
		5F4F6ACD2022AFB40030491E /* LaunchScreen.storyboard */ = {
			isa = PBXVariantGroup;
			children = (
				5F4F6ACE2022AFB40030491E /* Base */,
			);
			name = LaunchScreen.storyboard;
			sourceTree = "<group>";
		};
/* End PBXVariantGroup section */

/* Begin XCBuildConfiguration section */
		5F4F6AD12022AFB40030491E /* Debug */ = {
			isa = XCBuildConfiguration;
			buildSettings = {
				ALWAYS_SEARCH_USER_PATHS = NO;
				CLANG_ANALYZER_NONNULL = YES;
				CLANG_ANALYZER_NUMBER_OBJECT_CONVERSION = YES_AGGRESSIVE;
				CLANG_CXX_LANGUAGE_STANDARD = "gnu++14";
				CLANG_CXX_LIBRARY = "libc++";
				CLANG_ENABLE_MODULES = YES;
				CLANG_ENABLE_OBJC_ARC = YES;
				CLANG_WARN_BLOCK_CAPTURE_AUTORELEASING = YES;
				CLANG_WARN_BOOL_CONVERSION = YES;
				CLANG_WARN_COMMA = YES;
				CLANG_WARN_CONSTANT_CONVERSION = YES;
				CLANG_WARN_DIRECT_OBJC_ISA_USAGE = YES_ERROR;
				CLANG_WARN_DOCUMENTATION_COMMENTS = YES;
				CLANG_WARN_EMPTY_BODY = YES;
				CLANG_WARN_ENUM_CONVERSION = YES;
				CLANG_WARN_INFINITE_RECURSION = YES;
				CLANG_WARN_INT_CONVERSION = YES;
				CLANG_WARN_NON_LITERAL_NULL_CONVERSION = YES;
				CLANG_WARN_OBJC_LITERAL_CONVERSION = YES;
				CLANG_WARN_OBJC_ROOT_CLASS = YES_ERROR;
				CLANG_WARN_RANGE_LOOP_ANALYSIS = YES;
				CLANG_WARN_STRICT_PROTOTYPES = YES;
				CLANG_WARN_SUSPICIOUS_MOVE = YES;
				CLANG_WARN_UNGUARDED_AVAILABILITY = YES_AGGRESSIVE;
				CLANG_WARN_UNREACHABLE_CODE = YES;
				CLANG_WARN__DUPLICATE_METHOD_MATCH = YES;
				CODE_SIGN_IDENTITY = "iPhone Developer";
				COPY_PHASE_STRIP = NO;
				DEBUG_INFORMATION_FORMAT = dwarf;
				ENABLE_STRICT_OBJC_MSGSEND = YES;
				ENABLE_TESTABILITY = YES;
				GCC_C_LANGUAGE_STANDARD = gnu11;
				GCC_DYNAMIC_NO_PIC = NO;
				GCC_NO_COMMON_BLOCKS = YES;
				GCC_OPTIMIZATION_LEVEL = 0;
				GCC_PREPROCESSOR_DEFINITIONS = (
					"DEBUG=1",
					"$(inherited)",
				);
				GCC_WARN_64_TO_32_BIT_CONVERSION = YES;
				GCC_WARN_ABOUT_RETURN_TYPE = YES_ERROR;
				GCC_WARN_UNDECLARED_SELECTOR = YES;
				GCC_WARN_UNINITIALIZED_AUTOS = YES_AGGRESSIVE;
				GCC_WARN_UNUSED_FUNCTION = YES;
				GCC_WARN_UNUSED_VARIABLE = YES;
				IPHONEOS_DEPLOYMENT_TARGET = 11.2;
				MTL_ENABLE_DEBUG_INFO = YES;
				ONLY_ACTIVE_ARCH = YES;
				SDKROOT = iphoneos;
				SWIFT_ACTIVE_COMPILATION_CONDITIONS = DEBUG;
				SWIFT_OPTIMIZATION_LEVEL = "-Onone";
			};
			name = Debug;
		};
		5F4F6AD22022AFB40030491E /* Release */ = {
			isa = XCBuildConfiguration;
			buildSettings = {
				ALWAYS_SEARCH_USER_PATHS = NO;
				CLANG_ANALYZER_NONNULL = YES;
				CLANG_ANALYZER_NUMBER_OBJECT_CONVERSION = YES_AGGRESSIVE;
				CLANG_CXX_LANGUAGE_STANDARD = "gnu++14";
				CLANG_CXX_LIBRARY = "libc++";
				CLANG_ENABLE_MODULES = YES;
				CLANG_ENABLE_OBJC_ARC = YES;
				CLANG_WARN_BLOCK_CAPTURE_AUTORELEASING = YES;
				CLANG_WARN_BOOL_CONVERSION = YES;
				CLANG_WARN_COMMA = YES;
				CLANG_WARN_CONSTANT_CONVERSION = YES;
				CLANG_WARN_DIRECT_OBJC_ISA_USAGE = YES_ERROR;
				CLANG_WARN_DOCUMENTATION_COMMENTS = YES;
				CLANG_WARN_EMPTY_BODY = YES;
				CLANG_WARN_ENUM_CONVERSION = YES;
				CLANG_WARN_INFINITE_RECURSION = YES;
				CLANG_WARN_INT_CONVERSION = YES;
				CLANG_WARN_NON_LITERAL_NULL_CONVERSION = YES;
				CLANG_WARN_OBJC_LITERAL_CONVERSION = YES;
				CLANG_WARN_OBJC_ROOT_CLASS = YES_ERROR;
				CLANG_WARN_RANGE_LOOP_ANALYSIS = YES;
				CLANG_WARN_STRICT_PROTOTYPES = YES;
				CLANG_WARN_SUSPICIOUS_MOVE = YES;
				CLANG_WARN_UNGUARDED_AVAILABILITY = YES_AGGRESSIVE;
				CLANG_WARN_UNREACHABLE_CODE = YES;
				CLANG_WARN__DUPLICATE_METHOD_MATCH = YES;
				CODE_SIGN_IDENTITY = "iPhone Developer";
				COPY_PHASE_STRIP = NO;
				DEBUG_INFORMATION_FORMAT = "dwarf-with-dsym";
				ENABLE_NS_ASSERTIONS = NO;
				ENABLE_STRICT_OBJC_MSGSEND = YES;
				GCC_C_LANGUAGE_STANDARD = gnu11;
				GCC_NO_COMMON_BLOCKS = YES;
				GCC_WARN_64_TO_32_BIT_CONVERSION = YES;
				GCC_WARN_ABOUT_RETURN_TYPE = YES_ERROR;
				GCC_WARN_UNDECLARED_SELECTOR = YES;
				GCC_WARN_UNINITIALIZED_AUTOS = YES_AGGRESSIVE;
				GCC_WARN_UNUSED_FUNCTION = YES;
				GCC_WARN_UNUSED_VARIABLE = YES;
				IPHONEOS_DEPLOYMENT_TARGET = 11.2;
				MTL_ENABLE_DEBUG_INFO = NO;
				SDKROOT = iphoneos;
				SWIFT_OPTIMIZATION_LEVEL = "-Owholemodule";
				VALIDATE_PRODUCT = YES;
			};
			name = Release;
		};
		5F4F6AD42022AFB40030491E /* Debug */ = {
			isa = XCBuildConfiguration;
			buildSettings = {
				ASSETCATALOG_COMPILER_APPICON_NAME = AppIcon;
				CODE_SIGN_STYLE = Automatic;
				INFOPLIST_FILE = "Maulife Accounts/Info.plist";
				LD_RUNPATH_SEARCH_PATHS = "$(inherited) @executable_path/Frameworks";
				PRODUCT_BUNDLE_IDENTIFIER = "jeff.Maulife-Accounts";
				PRODUCT_NAME = "$(TARGET_NAME)";
				SWIFT_VERSION = 4.0;
				TARGETED_DEVICE_FAMILY = "1,2";
			};
			name = Debug;
		};
		5F4F6AD52022AFB40030491E /* Release */ = {
			isa = XCBuildConfiguration;
			buildSettings = {
				ASSETCATALOG_COMPILER_APPICON_NAME = AppIcon;
				CODE_SIGN_STYLE = Automatic;
				INFOPLIST_FILE = "Maulife Accounts/Info.plist";
				LD_RUNPATH_SEARCH_PATHS = "$(inherited) @executable_path/Frameworks";
				PRODUCT_BUNDLE_IDENTIFIER = "jeff.Maulife-Accounts";
				PRODUCT_NAME = "$(TARGET_NAME)";
				SWIFT_VERSION = 4.0;
				TARGETED_DEVICE_FAMILY = "1,2";
			};
			name = Release;
		};
/* End XCBuildConfiguration section */

/* Begin XCConfigurationList section */
		5F4F6AB92022AFB30030491E /* Build configuration list for PBXProject "Maulife Accounts" */ = {
			isa = XCConfigurationList;
			buildConfigurations = (
				5F4F6AD12022AFB40030491E /* Debug */,
				5F4F6AD22022AFB40030491E /* Release */,
			);
			defaultConfigurationIsVisible = 0;
			defaultConfigurationName = Release;
		};
		5F4F6AD32022AFB40030491E /* Build configuration list for PBXNativeTarget "Maulife Accounts" */ = {
			isa = XCConfigurationList;
			buildConfigurations = (
				5F4F6AD42022AFB40030491E /* Debug */,
				5F4F6AD52022AFB40030491E /* Release */,
			);
			defaultConfigurationIsVisible = 0;
			defaultConfigurationName = Release;
		};
/* End XCConfigurationList section */

/* Begin XCVersionGroup section */
		5F4F6AC82022AFB40030491E /* Maulife_Accounts.xcdatamodeld */ = {
			isa = XCVersionGroup;
			children = (
				5F4F6AC92022AFB40030491E /* Maulife_Accounts.xcdatamodel */,
			);
			currentVersion = 5F4F6AC92022AFB40030491E /* Maulife_Accounts.xcdatamodel */;
			path = Maulife_Accounts.xcdatamodeld;
			sourceTree = "<group>";
			versionGroupType = wrapper.xcdatamodel;
		};
/* End XCVersionGroup section */
	};
	rootObject = 5F4F6AB62022AFB30030491E /* Project object */;
}
